{"is_source_file": true, "file_id": 61, "git_revision": "cd2f2a5cabc65d8c3d66fc3d69276b01b4876378", "state": 1, "description": "", "external_files": [], "external_methods": [], "published": [], "classes": [], "methods": [], "calls": [], "search-terms": [], "filename": "/home/kavia/workspace/code-generation/petcarehub-25341-600c870b/petcarehub_ui/post_process_status.lock", "hash": "e9b4c3b42cef0193b7fddb548d37e652", "format-version": 4, "code-base-name": "default", "knowledge_revision": 157}